
Microsoft Visual Studio Solution File, Format Version 11.00
# Visual Studio Version 17

Project("{8BC9CEB8-8B4A-11D0-8D11-00A0C91BC942}") = "Amplifier - VST3", "Amplifier_VST3.vcxproj", "{FC53EA7D-1C78-6260-06E1-EF296ED6B7A5}"
	ProjectSection(ProjectDependencies) = postProject
		{FF24088A-7B3F-1AE9-84EC-6EB659BAD372} = {FF24088A-7B3F-1AE9-84EC-6EB659BAD372}
		{DBB24660-739E-9504-414F-08B1D3CCE457} = {DBB24660-739E-9504-414F-08B1D3CCE457}
	EndProjectSection
EndProject
Project("{8BC9CEB8-8B4A-11D0-8D11-00A0C91BC942}") = "Amplifier - Shared Code", "Amplifier_SharedCode.vcxproj", "{FF24088A-7B3F-1AE9-84EC-6EB659BAD372}"
EndProject
Project("{8BC9CEB8-8B4A-11D0-8D11-00A0C91BC942}") = "Amplifier - VST3 Manifest Helper", "Amplifier_VST3ManifestHelper.vcxproj", "{DBB24660-739E-9504-414F-08B1D3CCE457}"
EndProject
Global
	GlobalSection(SolutionConfigurationPlatforms) = preSolution
		Debug|x64 = Debug|x64
		Release|x64 = Release|x64
	EndGlobalSection
	GlobalSection(ProjectConfigurationPlatforms) = postSolution
		{FC53EA7D-1C78-6260-06E1-EF296ED6B7A5}.Debug|x64.ActiveCfg = Debug|x64
		{FC53EA7D-1C78-6260-06E1-EF296ED6B7A5}.Debug|x64.Build.0 = Debug|x64
		{FC53EA7D-1C78-6260-06E1-EF296ED6B7A5}.Release|x64.ActiveCfg = Release|x64
		{FC53EA7D-1C78-6260-06E1-EF296ED6B7A5}.Release|x64.Build.0 = Release|x64
		{FF24088A-7B3F-1AE9-84EC-6EB659BAD372}.Debug|x64.ActiveCfg = Debug|x64
		{FF24088A-7B3F-1AE9-84EC-6EB659BAD372}.Debug|x64.Build.0 = Debug|x64
		{FF24088A-7B3F-1AE9-84EC-6EB659BAD372}.Release|x64.ActiveCfg = Release|x64
		{FF24088A-7B3F-1AE9-84EC-6EB659BAD372}.Release|x64.Build.0 = Release|x64
		{DBB24660-739E-9504-414F-08B1D3CCE457}.Debug|x64.ActiveCfg = Debug|x64
		{DBB24660-739E-9504-414F-08B1D3CCE457}.Debug|x64.Build.0 = Debug|x64
		{DBB24660-739E-9504-414F-08B1D3CCE457}.Release|x64.ActiveCfg = Release|x64
		{DBB24660-739E-9504-414F-08B1D3CCE457}.Release|x64.Build.0 = Release|x64
	EndGlobalSection
	GlobalSection(SolutionProperties) = preSolution
		HideSolutionNode = FALSE
	EndGlobalSection
EndGlobal
